
Microsoft Visual Studio Solution File, Format Version 12.00
# Visual Studio Version 17
VisualStudioVersion = 17.6.33829.357
MinimumVisualStudioVersion = 10.0.40219.1
Project("{FAE04EC0-301F-11D3-BF4B-00C04F79EFBC}") = "FIT5032_Portfolio_33498490", "FIT5032_Portfolio_33498490\FIT5032_Portfolio_33498490.csproj", "{179761DE-D3F9-4EA1-9E48-812EF896E1D7}"
EndProject
Project("{FAE04EC0-301F-11D3-BF4B-00C04F79EFBC}") = "FIT5032_Portfolio_33498490.Tests", "FIT5032_Portfolio_33498490.Tests\FIT5032_Portfolio_33498490.Tests.csproj", "{EDE72408-CE09-4DA7-ABB4-B782B5BB8541}"
EndProject
Global
	GlobalSection(SolutionConfigurationPlatforms) = preSolution
		Debug|Any CPU = Debug|Any CPU
		Release|Any CPU = Release|Any CPU
	EndGlobalSection
	GlobalSection(ProjectConfigurationPlatforms) = postSolution
		{179761DE-D3F9-4EA1-9E48-812EF896E1D7}.Debug|Any CPU.ActiveCfg = Debug|Any CPU
		{179761DE-D3F9-4EA1-9E48-812EF896E1D7}.Debug|Any CPU.Build.0 = Debug|Any CPU
		{179761DE-D3F9-4EA1-9E48-812EF896E1D7}.Release|Any CPU.ActiveCfg = Release|Any CPU
		{179761DE-D3F9-4EA1-9E48-812EF896E1D7}.Release|Any CPU.Build.0 = Release|Any CPU
		{EDE72408-CE09-4DA7-ABB4-B782B5BB8541}.Debug|Any CPU.ActiveCfg = Debug|Any CPU
		{EDE72408-CE09-4DA7-ABB4-B782B5BB8541}.Debug|Any CPU.Build.0 = Debug|Any CPU
		{EDE72408-CE09-4DA7-ABB4-B782B5BB8541}.Release|Any CPU.ActiveCfg = Release|Any CPU
		{EDE72408-CE09-4DA7-ABB4-B782B5BB8541}.Release|Any CPU.Build.0 = Release|Any CPU
	EndGlobalSection
	GlobalSection(SolutionProperties) = preSolution
		HideSolutionNode = FALSE
	EndGlobalSection
	GlobalSection(ExtensibilityGlobals) = postSolution
		SolutionGuid = {EA0D2B5A-070F-42C5-B733-AD8BFAE5503B}
	EndGlobalSection
EndGlobal
